
Microsoft Visual Studio Solution File, Format Version 12.00
# Visual Studio Version 16
VisualStudioVersion = 16.0.31424.327
MinimumVisualStudioVersion = 10.0.40219.1
Project("{9A19103F-16F7-4668-BE54-9A1E7A4F7556}") = "UERM.ConsultaGenerales", "UERM.ConsultaGenerales\UERM.ConsultaGenerales.csproj", "{3B495F9B-373C-4917-A419-A1DC346603E6}"
EndProject
Project("{9A19103F-16F7-4668-BE54-9A1E7A4F7556}") = "UERM.ConsultaGenerales.DataAccess", "UERM.ConsultaGenerales.DataAccess\UERM.ConsultaGenerales.DataAccess.csproj", "{EFAE90EF-69F6-45F6-B02B-B5F8E406D7E3}"
EndProject
Project("{9A19103F-16F7-4668-BE54-9A1E7A4F7556}") = "UERM.ConsultaGenerales.Models", "UERM.ConsultaGenerales.Models\UERM.ConsultaGenerales.Models.csproj", "{BD40B1E4-6FB7-4F9A-9D13-528B7EBA3650}"
EndProject
Global
	GlobalSection(SolutionConfigurationPlatforms) = preSolution
		Debug|Any CPU = Debug|Any CPU
		Release|Any CPU = Release|Any CPU
	EndGlobalSection
	GlobalSection(ProjectConfigurationPlatforms) = postSolution
		{3B495F9B-373C-4917-A419-A1DC346603E6}.Debug|Any CPU.ActiveCfg = Debug|Any CPU
		{3B495F9B-373C-4917-A419-A1DC346603E6}.Debug|Any CPU.Build.0 = Debug|Any CPU
		{3B495F9B-373C-4917-A419-A1DC346603E6}.Release|Any CPU.ActiveCfg = Release|Any CPU
		{3B495F9B-373C-4917-A419-A1DC346603E6}.Release|Any CPU.Build.0 = Release|Any CPU
		{EFAE90EF-69F6-45F6-B02B-B5F8E406D7E3}.Debug|Any CPU.ActiveCfg = Debug|Any CPU
		{EFAE90EF-69F6-45F6-B02B-B5F8E406D7E3}.Debug|Any CPU.Build.0 = Debug|Any CPU
		{EFAE90EF-69F6-45F6-B02B-B5F8E406D7E3}.Release|Any CPU.ActiveCfg = Release|Any CPU
		{EFAE90EF-69F6-45F6-B02B-B5F8E406D7E3}.Release|Any CPU.Build.0 = Release|Any CPU
		{BD40B1E4-6FB7-4F9A-9D13-528B7EBA3650}.Debug|Any CPU.ActiveCfg = Debug|Any CPU
		{BD40B1E4-6FB7-4F9A-9D13-528B7EBA3650}.Debug|Any CPU.Build.0 = Debug|Any CPU
		{BD40B1E4-6FB7-4F9A-9D13-528B7EBA3650}.Release|Any CPU.ActiveCfg = Release|Any CPU
		{BD40B1E4-6FB7-4F9A-9D13-528B7EBA3650}.Release|Any CPU.Build.0 = Release|Any CPU
	EndGlobalSection
	GlobalSection(SolutionProperties) = preSolution
		HideSolutionNode = FALSE
	EndGlobalSection
	GlobalSection(ExtensibilityGlobals) = postSolution
		SolutionGuid = {6658A01F-895C-45AC-A1FA-F9EAB0BAF536}
	EndGlobalSection
EndGlobal
